
Microsoft Visual Studio Solution File, Format Version 12.00
# Visual Studio 15
VisualStudioVersion = 15.0.28307.902
MinimumVisualStudioVersion = 10.0.40219.1
Project("{FAE04EC0-301F-11D3-BF4B-00C04F79EFBC}") = "SharpHide", "SharpHide\SharpHide.csproj", "{443D8CBF-899C-4C22-B4F6-B7AC202D4E37}"
EndProject
Global
	GlobalSection(SolutionConfigurationPlatforms) = preSolution
		Debug|Any CPU = Debug|Any CPU
		Release|Any CPU = Release|Any CPU
	EndGlobalSection
	GlobalSection(ProjectConfigurationPlatforms) = postSolution
		{443D8CBF-899C-4C22-B4F6-B7AC202D4E37}.Debug|Any CPU.ActiveCfg = Debug|Any CPU
		{443D8CBF-899C-4C22-B4F6-B7AC202D4E37}.Debug|Any CPU.Build.0 = Debug|Any CPU
		{443D8CBF-899C-4C22-B4F6-B7AC202D4E37}.Release|Any CPU.ActiveCfg = Release|Any CPU
		{443D8CBF-899C-4C22-B4F6-B7AC202D4E37}.Release|Any CPU.Build.0 = Release|Any CPU
	EndGlobalSection
	GlobalSection(SolutionProperties) = preSolution
		HideSolutionNode = FALSE
	EndGlobalSection
	GlobalSection(ExtensibilityGlobals) = postSolution
		SolutionGuid = {FB22CF52-0C11-46F6-AFC3-740019C707F2}
	EndGlobalSection
EndGlobal
